// !$*UTF8*$!
{
	archiveVersion = 1;
	classes = {
	};
	objectVersion = 46;
	objects = {

/* Begin PBXBuildFile section */
		960214441784A6B900236C62 /* PlayingCard.m in Sources */ = {isa = PBXBuildFile; fileRef = 960214431784A6B900236C62 /* PlayingCard.m */; };
		960214471784BFC400236C62 /* PlayingCardDeck.m in Sources */ = {isa = PBXBuildFile; fileRef = 960214461784BFC400236C62 /* PlayingCardDeck.m */; };
		9632A0E917840B150091B79C /* UIKit.framework in Frameworks */ = {isa = PBXBuildFile; fileRef = 9632A0E817840B150091B79C /* UIKit.framework */; };
		9632A0EB17840B150091B79C /* Foundation.framework in Frameworks */ = {isa = PBXBuildFile; fileRef = 9632A0EA17840B150091B79C /* Foundation.framework */; };
		9632A0ED17840B150091B79C /* CoreGraphics.framework in Frameworks */ = {isa = PBXBuildFile; fileRef = 9632A0EC17840B150091B79C /* CoreGraphics.framework */; };
		9632A0F317840B150091B79C /* InfoPlist.strings in Resources */ = {isa = PBXBuildFile; fileRef = 9632A0F117840B150091B79C /* InfoPlist.strings */; };
		9632A0F517840B150091B79C /* main.m in Sources */ = {isa = PBXBuildFile; fileRef = 9632A0F417840B150091B79C /* main.m */; };
		9632A0F917840B150091B79C /* CardGameAppDelegate.m in Sources */ = {isa = PBXBuildFile; fileRef = 9632A0F817840B150091B79C /* CardGameAppDelegate.m */; };
		9632A0FB17840B150091B79C /* Default.png in Resources */ = {isa = PBXBuildFile; fileRef = 9632A0FA17840B150091B79C /* Default.png */; };
		9632A0FD17840B150091B79C /* Default@2x.png in Resources */ = {isa = PBXBuildFile; fileRef = 9632A0FC17840B150091B79C /* Default@2x.png */; };
		9632A0FF17840B150091B79C /* Default-568h@2x.png in Resources */ = {isa = PBXBuildFile; fileRef = 9632A0FE17840B150091B79C /* Default-568h@2x.png */; };
		9632A10217840B150091B79C /* MainStoryboard.storyboard in Resources */ = {isa = PBXBuildFile; fileRef = 9632A10017840B150091B79C /* MainStoryboard.storyboard */; };
		9632A10517840B150091B79C /* CardGameViewController.m in Sources */ = {isa = PBXBuildFile; fileRef = 9632A10417840B150091B79C /* CardGameViewController.m */; };
		9632A10D1784481F0091B79C /* Deck.m in Sources */ = {isa = PBXBuildFile; fileRef = 9632A10C1784481F0091B79C /* Deck.m */; };
		9632A1101784482F0091B79C /* Card.m in Sources */ = {isa = PBXBuildFile; fileRef = 9632A10F1784482F0091B79C /* Card.m */; };
/* End PBXBuildFile section */

/* Begin PBXFileReference section */
		960214421784A6B900236C62 /* PlayingCard.h */ = {isa = PBXFileReference; fileEncoding = 4; lastKnownFileType = sourcecode.c.h; name = PlayingCard.h; path = Model/PlayingCard.h; sourceTree = "<group>"; };
		960214431784A6B900236C62 /* PlayingCard.m */ = {isa = PBXFileReference; fileEncoding = 4; lastKnownFileType = sourcecode.c.objc; name = PlayingCard.m; path = Model/PlayingCard.m; sourceTree = "<group>"; };
		960214451784BFC400236C62 /* PlayingCardDeck.h */ = {isa = PBXFileReference; fileEncoding = 4; lastKnownFileType = sourcecode.c.h; name = PlayingCardDeck.h; path = Model/PlayingCardDeck.h; sourceTree = "<group>"; };
		960214461784BFC400236C62 /* PlayingCardDeck.m */ = {isa = PBXFileReference; fileEncoding = 4; lastKnownFileType = sourcecode.c.objc; name = PlayingCardDeck.m; path = Model/PlayingCardDeck.m; sourceTree = "<group>"; };
		9632A0E517840B150091B79C /* Matchismo.app */ = {isa = PBXFileReference; explicitFileType = wrapper.application; includeInIndex = 0; path = Matchismo.app; sourceTree = BUILT_PRODUCTS_DIR; };
		9632A0E817840B150091B79C /* UIKit.framework */ = {isa = PBXFileReference; lastKnownFileType = wrapper.framework; name = UIKit.framework; path = System/Library/Frameworks/UIKit.framework; sourceTree = SDKROOT; };
		9632A0EA17840B150091B79C /* Foundation.framework */ = {isa = PBXFileReference; lastKnownFileType = wrapper.framework; name = Foundation.framework; path = System/Library/Frameworks/Foundation.framework; sourceTree = SDKROOT; };
		9632A0EC17840B150091B79C /* CoreGraphics.framework */ = {isa = PBXFileReference; lastKnownFileType = wrapper.framework; name = CoreGraphics.framework; path = System/Library/Frameworks/CoreGraphics.framework; sourceTree = SDKROOT; };
		9632A0F017840B150091B79C /* Matchismo-Info.plist */ = {isa = PBXFileReference; lastKnownFileType = text.plist.xml; path = "Matchismo-Info.plist"; sourceTree = "<group>"; };
		9632A0F217840B150091B79C /* en */ = {isa = PBXFileReference; lastKnownFileType = text.plist.strings; name = en; path = en.lproj/InfoPlist.strings; sourceTree = "<group>"; };
		9632A0F417840B150091B79C /* main.m */ = {isa = PBXFileReference; lastKnownFileType = sourcecode.c.objc; path = main.m; sourceTree = "<group>"; };
		9632A0F617840B150091B79C /* Matchismo-Prefix.pch */ = {isa = PBXFileReference; lastKnownFileType = sourcecode.c.h; path = "Matchismo-Prefix.pch"; sourceTree = "<group>"; };
		9632A0F717840B150091B79C /* CardGameAppDelegate.h */ = {isa = PBXFileReference; lastKnownFileType = sourcecode.c.h; path = CardGameAppDelegate.h; sourceTree = "<group>"; };
		9632A0F817840B150091B79C /* CardGameAppDelegate.m */ = {isa = PBXFileReference; lastKnownFileType = sourcecode.c.objc; path = CardGameAppDelegate.m; sourceTree = "<group>"; };
		9632A0FA17840B150091B79C /* Default.png */ = {isa = PBXFileReference; lastKnownFileType = image.png; path = Default.png; sourceTree = "<group>"; };
		9632A0FC17840B150091B79C /* Default@2x.png */ = {isa = PBXFileReference; lastKnownFileType = image.png; path = "Default@2x.png"; sourceTree = "<group>"; };
		9632A0FE17840B150091B79C /* Default-568h@2x.png */ = {isa = PBXFileReference; lastKnownFileType = image.png; path = "Default-568h@2x.png"; sourceTree = "<group>"; };
		9632A10117840B150091B79C /* en */ = {isa = PBXFileReference; lastKnownFileType = file.storyboard; name = en; path = en.lproj/MainStoryboard.storyboard; sourceTree = "<group>"; };
		9632A10317840B150091B79C /* CardGameViewController.h */ = {isa = PBXFileReference; lastKnownFileType = sourcecode.c.h; path = CardGameViewController.h; sourceTree = "<group>"; };
		9632A10417840B150091B79C /* CardGameViewController.m */ = {isa = PBXFileReference; lastKnownFileType = sourcecode.c.objc; path = CardGameViewController.m; sourceTree = "<group>"; };
		9632A10B1784481F0091B79C /* Deck.h */ = {isa = PBXFileReference; fileEncoding = 4; lastKnownFileType = sourcecode.c.h; name = Deck.h; path = Model/Deck.h; sourceTree = "<group>"; };
		9632A10C1784481F0091B79C /* Deck.m */ = {isa = PBXFileReference; fileEncoding = 4; lastKnownFileType = sourcecode.c.objc; name = Deck.m; path = Model/Deck.m; sourceTree = "<group>"; };
		9632A10E1784482F0091B79C /* Card.h */ = {isa = PBXFileReference; fileEncoding = 4; lastKnownFileType = sourcecode.c.h; name = Card.h; path = Model/Card.h; sourceTree = "<group>"; };
		9632A10F1784482F0091B79C /* Card.m */ = {isa = PBXFileReference; fileEncoding = 4; lastKnownFileType = sourcecode.c.objc; name = Card.m; path = Model/Card.m; sourceTree = "<group>"; };
/* End PBXFileReference section */

/* Begin PBXFrameworksBuildPhase section */
		9632A0E217840B150091B79C /* Frameworks */ = {
			isa = PBXFrameworksBuildPhase;
			buildActionMask = 2147483647;
			files = (
				9632A0E917840B150091B79C /* UIKit.framework in Frameworks */,
				9632A0EB17840B150091B79C /* Foundation.framework in Frameworks */,
				9632A0ED17840B150091B79C /* CoreGraphics.framework in Frameworks */,
			);
			runOnlyForDeploymentPostprocessing = 0;
		};
/* End PBXFrameworksBuildPhase section */

/* Begin PBXGroup section */
		9632A0DC17840B150091B79C = {
			isa = PBXGroup;
			children = (
				9632A0EE17840B150091B79C /* Matchismo */,
				9632A0E717840B150091B79C /* Frameworks */,
				9632A0E617840B150091B79C /* Products */,
			);
			sourceTree = "<group>";
		};
		9632A0E617840B150091B79C /* Products */ = {
			isa = PBXGroup;
			children = (
				9632A0E517840B150091B79C /* Matchismo.app */,
			);
			name = Products;
			sourceTree = "<group>";
		};
		9632A0E717840B150091B79C /* Frameworks */ = {
			isa = PBXGroup;
			children = (
				9632A0E817840B150091B79C /* UIKit.framework */,
				9632A0EA17840B150091B79C /* Foundation.framework */,
				9632A0EC17840B150091B79C /* CoreGraphics.framework */,
			);
			name = Frameworks;
			sourceTree = "<group>";
		};
		9632A0EE17840B150091B79C /* Matchismo */ = {
			isa = PBXGroup;
			children = (
				9632A111178448340091B79C /* Model */,
				9632A10017840B150091B79C /* MainStoryboard.storyboard */,
				9632A10317840B150091B79C /* CardGameViewController.h */,
				9632A10417840B150091B79C /* CardGameViewController.m */,
				9632A0EF17840B150091B79C /* Supporting Files */,
			);
			path = Matchismo;
			sourceTree = "<group>";
		};
		9632A0EF17840B150091B79C /* Supporting Files */ = {
			isa = PBXGroup;
			children = (
				9632A0F717840B150091B79C /* CardGameAppDelegate.h */,
				9632A0F817840B150091B79C /* CardGameAppDelegate.m */,
				9632A0F017840B150091B79C /* Matchismo-Info.plist */,
				9632A0F117840B150091B79C /* InfoPlist.strings */,
				9632A0F417840B150091B79C /* main.m */,
				9632A0F617840B150091B79C /* Matchismo-Prefix.pch */,
				9632A0FA17840B150091B79C /* Default.png */,
				9632A0FC17840B150091B79C /* Default@2x.png */,
				9632A0FE17840B150091B79C /* Default-568h@2x.png */,
			);
			name = "Supporting Files";
			sourceTree = "<group>";
		};
		9632A111178448340091B79C /* Model */ = {
			isa = PBXGroup;
			children = (
				9632A10B1784481F0091B79C /* Deck.h */,
				9632A10C1784481F0091B79C /* Deck.m */,
				9632A10E1784482F0091B79C /* Card.h */,
				9632A10F1784482F0091B79C /* Card.m */,
				960214421784A6B900236C62 /* PlayingCard.h */,
				960214431784A6B900236C62 /* PlayingCard.m */,
				960214451784BFC400236C62 /* PlayingCardDeck.h */,
				960214461784BFC400236C62 /* PlayingCardDeck.m */,
			);
			name = Model;
			sourceTree = "<group>";
		};
/* End PBXGroup section */

/* Begin PBXNativeTarget section */
		9632A0E417840B150091B79C /* Matchismo */ = {
			isa = PBXNativeTarget;
			buildConfigurationList = 9632A10817840B150091B79C /* Build configuration list for PBXNativeTarget "Matchismo" */;
			buildPhases = (
				9632A0E117840B150091B79C /* Sources */,
				9632A0E217840B150091B79C /* Frameworks */,
				9632A0E317840B150091B79C /* Resources */,
			);
			buildRules = (
			);
			dependencies = (
			);
			name = Matchismo;
			productName = Matchismo;
			productReference = 9632A0E517840B150091B79C /* Matchismo.app */;
			productType = "com.apple.product-type.application";
		};
/* End PBXNativeTarget section */

/* Begin PBXProject section */
		9632A0DD17840B150091B79C /* Project object */ = {
			isa = PBXProject;
			attributes = {
				CLASSPREFIX = CardGame;
				LastUpgradeCheck = 0460;
				ORGANIZATIONNAME = "Jason Cheung";
			};
			buildConfigurationList = 9632A0E017840B150091B79C /* Build configuration list for PBXProject "Matchismo" */;
			compatibilityVersion = "Xcode 3.2";
			developmentRegion = English;
			hasScannedForEncodings = 0;
			knownRegions = (
				en,
			);
			mainGroup = 9632A0DC17840B150091B79C;
			productRefGroup = 9632A0E617840B150091B79C /* Products */;
			projectDirPath = "";
			projectRoot = "";
			targets = (
				9632A0E417840B150091B79C /* Matchismo */,
			);
		};
/* End PBXProject section */

/* Begin PBXResourcesBuildPhase section */
		9632A0E317840B150091B79C /* Resources */ = {
			isa = PBXResourcesBuildPhase;
			buildActionMask = 2147483647;
			files = (
				9632A0F317840B150091B79C /* InfoPlist.strings in Resources */,
				9632A0FB17840B150091B79C /* Default.png in Resources */,
				9632A0FD17840B150091B79C /* Default@2x.png in Resources */,
				9632A0FF17840B150091B79C /* Default-568h@2x.png in Resources */,
				9632A10217840B150091B79C /* MainStoryboard.storyboard in Resources */,
			);
			runOnlyForDeploymentPostprocessing = 0;
		};
/* End PBXResourcesBuildPhase section */

/* Begin PBXSourcesBuildPhase section */
		9632A0E117840B150091B79C /* Sources */ = {
			isa = PBXSourcesBuildPhase;
			buildActionMask = 2147483647;
			files = (
				9632A0F517840B150091B79C /* main.m in Sources */,
				9632A0F917840B150091B79C /* CardGameAppDelegate.m in Sources */,
				9632A10517840B150091B79C /* CardGameViewController.m in Sources */,
				9632A10D1784481F0091B79C /* Deck.m in Sources */,
				9632A1101784482F0091B79C /* Card.m in Sources */,
				960214441784A6B900236C62 /* PlayingCard.m in Sources */,
				960214471784BFC400236C62 /* PlayingCardDeck.m in Sources */,
			);
			runOnlyForDeploymentPostprocessing = 0;
		};
/* End PBXSourcesBuildPhase section */

/* Begin PBXVariantGroup section */
		9632A0F117840B150091B79C /* InfoPlist.strings */ = {
			isa = PBXVariantGroup;
			children = (
				9632A0F217840B150091B79C /* en */,
			);
			name = InfoPlist.strings;
			sourceTree = "<group>";
		};
		9632A10017840B150091B79C /* MainStoryboard.storyboard */ = {
			isa = PBXVariantGroup;
			children = (
				9632A10117840B150091B79C /* en */,
			);
			name = MainStoryboard.storyboard;
			sourceTree = "<group>";
		};
/* End PBXVariantGroup section */

/* Begin XCBuildConfiguration section */
		9632A10617840B150091B79C /* Debug */ = {
			isa = XCBuildConfiguration;
			buildSettings = {
				ALWAYS_SEARCH_USER_PATHS = NO;
				CLANG_CXX_LANGUAGE_STANDARD = "gnu++0x";
				CLANG_CXX_LIBRARY = "libc++";
				CLANG_ENABLE_OBJC_ARC = YES;
				CLANG_WARN_CONSTANT_CONVERSION = YES;
				CLANG_WARN_EMPTY_BODY = YES;
				CLANG_WARN_ENUM_CONVERSION = YES;
				CLANG_WARN_INT_CONVERSION = YES;
				CLANG_WARN__DUPLICATE_METHOD_MATCH = YES;
				"CODE_SIGN_IDENTITY[sdk=iphoneos*]" = "iPhone Developer";
				COPY_PHASE_STRIP = NO;
				GCC_C_LANGUAGE_STANDARD = gnu99;
				GCC_DYNAMIC_NO_PIC = NO;
				GCC_OPTIMIZATION_LEVEL = 0;
				GCC_PREPROCESSOR_DEFINITIONS = (
					"DEBUG=1",
					"$(inherited)",
				);
				GCC_SYMBOLS_PRIVATE_EXTERN = NO;
				GCC_WARN_ABOUT_RETURN_TYPE = YES;
				GCC_WARN_UNINITIALIZED_AUTOS = YES;
				GCC_WARN_UNUSED_VARIABLE = YES;
				IPHONEOS_DEPLOYMENT_TARGET = 6.1;
				ONLY_ACTIVE_ARCH = YES;
				SDKROOT = iphoneos;
			};
			name = Debug;
		};
		9632A10717840B150091B79C /* Release */ = {
			isa = XCBuildConfiguration;
			buildSettings = {
				ALWAYS_SEARCH_USER_PATHS = NO;
				CLANG_CXX_LANGUAGE_STANDARD = "gnu++0x";
				CLANG_CXX_LIBRARY = "libc++";
				CLANG_ENABLE_OBJC_ARC = YES;
				CLANG_WARN_CONSTANT_CONVERSION = YES;
				CLANG_WARN_EMPTY_BODY = YES;
				CLANG_WARN_ENUM_CONVERSION = YES;
				CLANG_WARN_INT_CONVERSION = YES;
				CLANG_WARN__DUPLICATE_METHOD_MATCH = YES;
				"CODE_SIGN_IDENTITY[sdk=iphoneos*]" = "iPhone Developer";
				COPY_PHASE_STRIP = YES;
				GCC_C_LANGUAGE_STANDARD = gnu99;
				GCC_WARN_ABOUT_RETURN_TYPE = YES;
				GCC_WARN_UNINITIALIZED_AUTOS = YES;
				GCC_WARN_UNUSED_VARIABLE = YES;
				IPHONEOS_DEPLOYMENT_TARGET = 6.1;
				OTHER_CFLAGS = "-DNS_BLOCK_ASSERTIONS=1";
				SDKROOT = iphoneos;
				VALIDATE_PRODUCT = YES;
			};
			name = Release;
		};
		9632A10917840B150091B79C /* Debug */ = {
			isa = XCBuildConfiguration;
			buildSettings = {
				GCC_PRECOMPILE_PREFIX_HEADER = YES;
				GCC_PREFIX_HEADER = "Matchismo/Matchismo-Prefix.pch";
				INFOPLIST_FILE = "Matchismo/Matchismo-Info.plist";
				PRODUCT_NAME = "$(TARGET_NAME)";
				WRAPPER_EXTENSION = app;
			};
			name = Debug;
		};
		9632A10A17840B150091B79C /* Release */ = {
			isa = XCBuildConfiguration;
			buildSettings = {
				GCC_PRECOMPILE_PREFIX_HEADER = YES;
				GCC_PREFIX_HEADER = "Matchismo/Matchismo-Prefix.pch";
				INFOPLIST_FILE = "Matchismo/Matchismo-Info.plist";
				PRODUCT_NAME = "$(TARGET_NAME)";
				WRAPPER_EXTENSION = app;
			};
			name = Release;
		};
/* End XCBuildConfiguration section */

/* Begin XCConfigurationList section */
		9632A0E017840B150091B79C /* Build configuration list for PBXProject "Matchismo" */ = {
			isa = XCConfigurationList;
			buildConfigurations = (
				9632A10617840B150091B79C /* Debug */,
				9632A10717840B150091B79C /* Release */,
			);
			defaultConfigurationIsVisible = 0;
			defaultConfigurationName = Release;
		};
		9632A10817840B150091B79C /* Build configuration list for PBXNativeTarget "Matchismo" */ = {
			isa = XCConfigurationList;
			buildConfigurations = (
				9632A10917840B150091B79C /* Debug */,
				9632A10A17840B150091B79C /* Release */,
			);
			defaultConfigurationIsVisible = 0;
			defaultConfigurationName = Release;
		};
/* End XCConfigurationList section */
	};
	rootObject = 9632A0DD17840B150091B79C /* Project object */;
}
